<?xml version="1.0" encoding="utf-8"?>
<Project ToolsVersion="4.0" xmlns="http://schemas.microsoft.com/developer/msbuild/2003">
  <ItemGroup>
    <Filter Include="Source Files">
      <UniqueIdentifier>{d3cea363-4702-420e-a6e7-cb4f847418af}</UniqueIdentifier>
      <Extensions>cpp;c;cxx;rc;def;r;odl;idl;hpj;bat</Extensions>
    </Filter>
    <Filter Include="Header Files">
      <UniqueIdentifier>{25410c84-1424-4007-8fa4-9f3f816f4fda}</UniqueIdentifier>
      <Extensions>h;hpp;hxx;hm;inl</Extensions>
    </Filter>
    <Filter Include="Resource Files">
      <UniqueIdentifier>{2d18c2ba-2c16-4e13-a249-a714c2f9de03}</UniqueIdentifier>
      <Extensions>ico;cur;bmp;dlg;rc2;rct;bin;rgs;gif;jpg;jpeg;jpe</Extensions>
    </Filter>
  </ItemGroup>
  <ItemGroup>
    <ClCompile Include="AboutDlg.cpp">
      <Filter>Source Files</Filter>
    </ClCompile>
    <ClCompile Include="CheckComboBox.cpp">
      <Filter>Source Files</Filter>
    </ClCompile>
    <ClCompile Include="CheckTreeCtrl.cpp">
      <Filter>Source Files</Filter>
    </ClCompile>
    <ClCompile Include="CheckTreeData.cpp">
      <Filter>Source Files</Filter>
    </ClCompile>
    <ClCompile Include="QFilter.cpp">
      <Filter>Source Files</Filter>
    </ClCompile>
    <ClCompile Include="QFilterProperties.cpp">
      <Filter>Source Files</Filter>
    </ClCompile>
    <ClCompile Include="QFilterPropPageGeneral.cpp">
      <Filter>Source Files</Filter>
    </ClCompile>
    <ClCompile Include="QuickFilter.cpp">
      <Filter>Source Files</Filter>
    </ClCompile>
    <ClCompile Include="StdAfx.cpp">
      <Filter>Source Files</Filter>
    </ClCompile>
    <ClCompile Include="XPCompatible\VisualStylesXP.cpp">
      <Filter>Source Files</Filter>
    </ClCompile>
  </ItemGroup>
  <ItemGroup>
    <Midl Include="QuickFilter.idl">
      <Filter>Source Files</Filter>
    </Midl>
  </ItemGroup>
  <ItemGroup>
    <ResourceCompile Include="QuickFilter.rc">
      <Filter>Source Files</Filter>
    </ResourceCompile>
  </ItemGroup>
  <ItemGroup>
    <ClInclude Include="AboutDlg.h">
      <Filter>Header Files</Filter>
    </ClInclude>
    <ClInclude Include="CheckComboBox.h">
      <Filter>Header Files</Filter>
    </ClInclude>
    <ClInclude Include="CheckTreeCtrl.h">
      <Filter>Header Files</Filter>
    </ClInclude>
    <ClInclude Include="CheckTreeData.h">
      <Filter>Header Files</Filter>
    </ClInclude>
    <ClInclude Include="Macros.h">
      <Filter>Header Files</Filter>
    </ClInclude>
    <ClInclude Include="QFilter.h">
      <Filter>Header Files</Filter>
    </ClInclude>
    <ClInclude Include="QFilterEventsCP.h">
      <Filter>Header Files</Filter>
    </ClInclude>
    <ClInclude Include="QFilterPropPageGeneral.h">
      <Filter>Header Files</Filter>
    </ClInclude>
    <ClInclude Include="Resource.h">
      <Filter>Header Files</Filter>
    </ClInclude>
    <ClInclude Include="StdAfx.h">
      <Filter>Header Files</Filter>
    </ClInclude>
    <ClInclude Include="res\VersionNo.h">
      <Filter>Header Files</Filter>
    </ClInclude>
    <ClInclude Include="XPCompatible\VisualStylesXP.h">
      <Filter>Header Files</Filter>
    </ClInclude>
  </ItemGroup>
  <ItemGroup>
    <CustomBuild Include="QuickFilter.def">
      <Filter>Source Files</Filter>
    </CustomBuild>
    <CustomBuild Include="res\bitNoOfC.bmp">
      <Filter>Resource Files</Filter>
    </CustomBuild>
    <CustomBuild Include="res\QF.ico">
      <Filter>Resource Files</Filter>
    </CustomBuild>
    <CustomBuild Include="qfilter.bmp">
      <Filter>Resource Files</Filter>
    </CustomBuild>
    <CustomBuild Include="QFilter.rgs">
      <Filter>Resource Files</Filter>
    </CustomBuild>
    <CustomBuild Include="QFilterPropPageGeneral.rgs">
      <Filter>Resource Files</Filter>
    </CustomBuild>
    <CustomBuild Include="res\tree_ico.bmp">
      <Filter>Resource Files</Filter>
    </CustomBuild>
  </ItemGroup>
</Project>